
Microsoft Visual Studio Solution File, Format Version 12.00
# Visual Studio Version 16
VisualStudioVersion = 16.0.32228.343
MinimumVisualStudioVersion = 10.0.40219.1
Project("{FAE04EC0-301F-11D3-BF4B-00C04F79EFBC}") = "Pianina.i.", "..\Pianina.i\Pianina.i\Pianina.i..csproj", "{4C98D68F-B1DE-487A-B18E-095C4FBBA5DE}"
EndProject
Global
	GlobalSection(SolutionConfigurationPlatforms) = preSolution
		Debug|Any CPU = Debug|Any CPU
		Release|Any CPU = Release|Any CPU
	EndGlobalSection
	GlobalSection(ProjectConfigurationPlatforms) = postSolution
		{4C98D68F-B1DE-487A-B18E-095C4FBBA5DE}.Debug|Any CPU.ActiveCfg = Debug|Any CPU
		{4C98D68F-B1DE-487A-B18E-095C4FBBA5DE}.Debug|Any CPU.Build.0 = Debug|Any CPU
		{4C98D68F-B1DE-487A-B18E-095C4FBBA5DE}.Release|Any CPU.ActiveCfg = Release|Any CPU
		{4C98D68F-B1DE-487A-B18E-095C4FBBA5DE}.Release|Any CPU.Build.0 = Release|Any CPU
	EndGlobalSection
	GlobalSection(SolutionProperties) = preSolution
		HideSolutionNode = FALSE
	EndGlobalSection
	GlobalSection(ExtensibilityGlobals) = postSolution
		SolutionGuid = {3DB1270B-8C39-4EDD-8B46-E37CEED4B41C}
	EndGlobalSection
EndGlobal
